
Microsoft Visual Studio Solution File, Format Version 12.00
# Visual Studio Version 17
VisualStudioVersion = 17.0.31912.275
MinimumVisualStudioVersion = 10.0.40219.1
Project("{9A19103F-16F7-4668-BE54-9A1E7A4F7556}") = "ApiGateWay", "ApiGateWay\ApiGateWay.csproj", "{4533DAD6-D810-4857-A6B1-B14481D5C54C}"
EndProject
Project("{2150E333-8FDC-42A3-9474-1A3956D46DE8}") = "Services", "Services", "{0882D7A6-6745-46F4-9B2E-38ECB9C99898}"
EndProject
Project("{FAE04EC0-301F-11D3-BF4B-00C04F79EFBC}") = "ProfileService", "ProfileService\ProfileService.csproj", "{E2B1CB16-74D2-416B-BAF6-91A903AD8DCC}"
EndProject
Project("{FAE04EC0-301F-11D3-BF4B-00C04F79EFBC}") = "WeatherForecastService", "WeatherForecastService\WeatherForecastService.csproj", "{E874FB95-55EE-4823-BCC0-36668111216E}"
EndProject
Global
	GlobalSection(SolutionConfigurationPlatforms) = preSolution
		Debug|Any CPU = Debug|Any CPU
		Release|Any CPU = Release|Any CPU
	EndGlobalSection
	GlobalSection(ProjectConfigurationPlatforms) = postSolution
		{4533DAD6-D810-4857-A6B1-B14481D5C54C}.Debug|Any CPU.ActiveCfg = Debug|Any CPU
		{4533DAD6-D810-4857-A6B1-B14481D5C54C}.Debug|Any CPU.Build.0 = Debug|Any CPU
		{4533DAD6-D810-4857-A6B1-B14481D5C54C}.Release|Any CPU.ActiveCfg = Release|Any CPU
		{4533DAD6-D810-4857-A6B1-B14481D5C54C}.Release|Any CPU.Build.0 = Release|Any CPU
		{E2B1CB16-74D2-416B-BAF6-91A903AD8DCC}.Debug|Any CPU.ActiveCfg = Debug|Any CPU
		{E2B1CB16-74D2-416B-BAF6-91A903AD8DCC}.Debug|Any CPU.Build.0 = Debug|Any CPU
		{E2B1CB16-74D2-416B-BAF6-91A903AD8DCC}.Release|Any CPU.ActiveCfg = Release|Any CPU
		{E2B1CB16-74D2-416B-BAF6-91A903AD8DCC}.Release|Any CPU.Build.0 = Release|Any CPU
		{E874FB95-55EE-4823-BCC0-36668111216E}.Debug|Any CPU.ActiveCfg = Debug|Any CPU
		{E874FB95-55EE-4823-BCC0-36668111216E}.Debug|Any CPU.Build.0 = Debug|Any CPU
		{E874FB95-55EE-4823-BCC0-36668111216E}.Release|Any CPU.ActiveCfg = Release|Any CPU
		{E874FB95-55EE-4823-BCC0-36668111216E}.Release|Any CPU.Build.0 = Release|Any CPU
	EndGlobalSection
	GlobalSection(SolutionProperties) = preSolution
		HideSolutionNode = FALSE
	EndGlobalSection
	GlobalSection(NestedProjects) = preSolution
		{E2B1CB16-74D2-416B-BAF6-91A903AD8DCC} = {0882D7A6-6745-46F4-9B2E-38ECB9C99898}
		{E874FB95-55EE-4823-BCC0-36668111216E} = {0882D7A6-6745-46F4-9B2E-38ECB9C99898}
	EndGlobalSection
	GlobalSection(ExtensibilityGlobals) = postSolution
		SolutionGuid = {14301D8E-3BB0-4CD6-80C9-79F5800B61DD}
	EndGlobalSection
EndGlobal
